
Microsoft Visual Studio Solution File, Format Version 12.00
# Visual Studio Version 16
VisualStudioVersion = 16.0.30011.22
MinimumVisualStudioVersion = 10.0.40219.1
Project("{FAE04EC0-301F-11D3-BF4B-00C04F79EFBC}") = "TDA2", "TDA2.csproj", "{7D076534-7C12-4B15-A49A-22D58CA3104E}"
EndProject
Global
	GlobalSection(SolutionConfigurationPlatforms) = preSolution
		Debug|Any CPU = Debug|Any CPU
		Release|Any CPU = Release|Any CPU
	EndGlobalSection
	GlobalSection(ProjectConfigurationPlatforms) = postSolution
		{7D076534-7C12-4B15-A49A-22D58CA3104E}.Debug|Any CPU.ActiveCfg = Debug|Any CPU
		{7D076534-7C12-4B15-A49A-22D58CA3104E}.Debug|Any CPU.Build.0 = Debug|Any CPU
		{7D076534-7C12-4B15-A49A-22D58CA3104E}.Release|Any CPU.ActiveCfg = Release|Any CPU
		{7D076534-7C12-4B15-A49A-22D58CA3104E}.Release|Any CPU.Build.0 = Release|Any CPU
	EndGlobalSection
	GlobalSection(SolutionProperties) = preSolution
		HideSolutionNode = FALSE
	EndGlobalSection
	GlobalSection(ExtensibilityGlobals) = postSolution
		SolutionGuid = {A52387F0-96AB-4B98-B066-554704499D9C}
	EndGlobalSection
EndGlobal
